
Microsoft Visual Studio Solution File, Format Version 12.00
# Visual Studio 15
VisualStudioVersion = 15.0.27703.2035
MinimumVisualStudioVersion = 10.0.40219.1
Project("{FAE04EC0-301F-11D3-BF4B-00C04F79EFBC}") = "Sprint.Filter", "src\Sprint.Filter\Sprint.Filter.csproj", "{7AD4A929-A2F7-4563-8112-CF2993F0BBC3}"
EndProject
Global
	GlobalSection(SolutionConfigurationPlatforms) = preSolution
		Debug|Any CPU = Debug|Any CPU
		Release|Any CPU = Release|Any CPU
	EndGlobalSection
	GlobalSection(ProjectConfigurationPlatforms) = postSolution
		{7AD4A929-A2F7-4563-8112-CF2993F0BBC3}.Debug|Any CPU.ActiveCfg = Debug|Any CPU
		{7AD4A929-A2F7-4563-8112-CF2993F0BBC3}.Debug|Any CPU.Build.0 = Debug|Any CPU
		{7AD4A929-A2F7-4563-8112-CF2993F0BBC3}.Release|Any CPU.ActiveCfg = Release|Any CPU
		{7AD4A929-A2F7-4563-8112-CF2993F0BBC3}.Release|Any CPU.Build.0 = Release|Any CPU
	EndGlobalSection
	GlobalSection(SolutionProperties) = preSolution
		HideSolutionNode = FALSE
	EndGlobalSection
	GlobalSection(ExtensibilityGlobals) = postSolution
		SolutionGuid = {D19FA641-DAE5-4D5A-A1B1-49F34442AD20}
	EndGlobalSection
EndGlobal
