
Microsoft Visual Studio Solution File, Format Version 12.00
# Visual Studio 2012
Project("{FAE04EC0-301F-11D3-BF4B-00C04F79EFBC}") = "Sprint.Filter", "Sprint.Filter.csproj", "{D0871E42-2723-44F7-A1D0-15E76DC6DEFA}"
EndProject
Project("{FAE04EC0-301F-11D3-BF4B-00C04F79EFBC}") = "FilterUnitTest", "FilterUnitTest\FilterUnitTest.csproj", "{6A6D8061-4314-45D0-A3BC-14014AF74666}"
EndProject
Global
	GlobalSection(SolutionConfigurationPlatforms) = preSolution
		Debug|Any CPU = Debug|Any CPU
		Release|Any CPU = Release|Any CPU
	EndGlobalSection
	GlobalSection(ProjectConfigurationPlatforms) = postSolution
		{D0871E42-2723-44F7-A1D0-15E76DC6DEFA}.Debug|Any CPU.ActiveCfg = Debug|Any CPU
		{D0871E42-2723-44F7-A1D0-15E76DC6DEFA}.Debug|Any CPU.Build.0 = Debug|Any CPU
		{D0871E42-2723-44F7-A1D0-15E76DC6DEFA}.Release|Any CPU.ActiveCfg = Release|Any CPU
		{D0871E42-2723-44F7-A1D0-15E76DC6DEFA}.Release|Any CPU.Build.0 = Release|Any CPU
		{6A6D8061-4314-45D0-A3BC-14014AF74666}.Debug|Any CPU.ActiveCfg = Debug|Any CPU
		{6A6D8061-4314-45D0-A3BC-14014AF74666}.Debug|Any CPU.Build.0 = Debug|Any CPU
		{6A6D8061-4314-45D0-A3BC-14014AF74666}.Release|Any CPU.ActiveCfg = Release|Any CPU
		{6A6D8061-4314-45D0-A3BC-14014AF74666}.Release|Any CPU.Build.0 = Release|Any CPU
	EndGlobalSection
	GlobalSection(SolutionProperties) = preSolution
		HideSolutionNode = FALSE
	EndGlobalSection
EndGlobal
