
Microsoft Visual Studio Solution File, Format Version 12.00
# Visual Studio 2012
Project("{FAE04EC0-301F-11D3-BF4B-00C04F79EFBC}") = "Sprint.Filter.Examples", "Sprint.Filter.Examples\Sprint.Filter.Examples.csproj", "{9A4FFA19-5B87-4644-B67D-168F0C13CFE0}"
EndProject
Global
	GlobalSection(SolutionConfigurationPlatforms) = preSolution
		Debug|Any CPU = Debug|Any CPU
		Release|Any CPU = Release|Any CPU
	EndGlobalSection
	GlobalSection(ProjectConfigurationPlatforms) = postSolution
		{9A4FFA19-5B87-4644-B67D-168F0C13CFE0}.Debug|Any CPU.ActiveCfg = Debug|Any CPU
		{9A4FFA19-5B87-4644-B67D-168F0C13CFE0}.Debug|Any CPU.Build.0 = Debug|Any CPU
		{9A4FFA19-5B87-4644-B67D-168F0C13CFE0}.Release|Any CPU.ActiveCfg = Release|Any CPU
		{9A4FFA19-5B87-4644-B67D-168F0C13CFE0}.Release|Any CPU.Build.0 = Release|Any CPU
	EndGlobalSection
	GlobalSection(SolutionProperties) = preSolution
		HideSolutionNode = FALSE
	EndGlobalSection
EndGlobal
